{
  "requires": true,
  "lockfileVersion": 1,
  "dependencies": {
    "redux-thunk": {
      "version": "2.3.0",
      "resolved": "http://artifactory.bcbsfl.com/artifactory/api/npm/npm-libs-virtual/redux-thunk/-/redux-thunk-2.3.0.tgz",
      "integrity": "sha1-UcLBmhhe1Rh6qpotCLZm0NZGdiI="
    }
  }
}
